
Microsoft Visual Studio Solution File, Format Version 12.00
# Visual Studio Version 16
VisualStudioVersion = 16.0.810.12
MinimumVisualStudioVersion = 10.0.40219.1
Project("{FAE04EC0-301F-11D3-BF4B-00C04F79EFBC}") = "RestWork", "RestWork\RestWork.csproj", "{54599E3F-692E-4CB6-8185-8AA40CD12027}"
EndProject
Global
	GlobalSection(SolutionConfigurationPlatforms) = preSolution
		Debug|Any CPU = Debug|Any CPU
		Release|Any CPU = Release|Any CPU
	EndGlobalSection
	GlobalSection(ProjectConfigurationPlatforms) = postSolution
		{54599E3F-692E-4CB6-8185-8AA40CD12027}.Debug|Any CPU.ActiveCfg = Debug|Any CPU
		{54599E3F-692E-4CB6-8185-8AA40CD12027}.Debug|Any CPU.Build.0 = Debug|Any CPU
		{54599E3F-692E-4CB6-8185-8AA40CD12027}.Release|Any CPU.ActiveCfg = Release|Any CPU
		{54599E3F-692E-4CB6-8185-8AA40CD12027}.Release|Any CPU.Build.0 = Release|Any CPU
	EndGlobalSection
	GlobalSection(SolutionProperties) = preSolution
		HideSolutionNode = FALSE
	EndGlobalSection
	GlobalSection(ExtensibilityGlobals) = postSolution
		SolutionGuid = {101C69E3-F177-40FE-B49D-00368566F7EC}
	EndGlobalSection
EndGlobal
